PODS:
  - Alamofire (3.2.1)
  - KeychainAccess (2.3.3)
  - Nimble (3.0.0)
  - NYSegmentedControl (1.0.7)
  - Quick (0.9.1)
  - SVProgressHUD (1.1.3)

DEPENDENCIES:
  - Alamofire
  - KeychainAccess
  - Nimble (= 3.0.0)
  - NYSegmentedControl
  - Quick (~> 0.9.0)
  - SVProgressHUD

SPEC CHECKSUMS:
  Alamofire: f11d8624a05f5d39e0c99309b3e600a3ba64298a
  KeychainAccess: 9b7e49e48277e329b1b3195e54697ed313d30acf
  Nimble: 4c353d43735b38b545cbb4cb91504588eb5de926
  NYSegmentedControl: 55b4f9eb652767cae9799623ec3e49e50029ef47
  Quick: a5221fc21788b6aeda934805e68b061839bc3165
  SVProgressHUD: 748080e4f36e603f6c02aec292664239df5279c1

COCOAPODS: 0.39.0
