// !$*UTF8*$!
{
	archiveVersion = 1;
	classes = {
	};
	objectVersion = 46;
	objects = {

/* Begin PBXBuildFile section */
		46100B351CA01E43006B1051 /* DataCollectionSpec.swift in Sources */ = {isa = PBXBuildFile; fileRef = 46100B341CA01E43006B1051 /* DataCollectionSpec.swift */; };
		46100B371CA01E70006B1051 /* DataSpec.swift in Sources */ = {isa = PBXBuildFile; fileRef = 46100B361CA01E70006B1051 /* DataSpec.swift */; };
		46100B391CA01EA2006B1051 /* WeaponSpec.swift in Sources */ = {isa = PBXBuildFile; fileRef = 46100B381CA01EA2006B1051 /* WeaponSpec.swift */; };
		46100B3B1CA01EB1006B1051 /* WeaponsSpec.swift in Sources */ = {isa = PBXBuildFile; fileRef = 46100B3A1CA01EB1006B1051 /* WeaponsSpec.swift */; };
		461A06741C9EC7C000C15FF2 /* SelectViewController.swift in Sources */ = {isa = PBXBuildFile; fileRef = 461A06731C9EC7C000C15FF2 /* SelectViewController.swift */; };
		461A06751C9EC7C000C15FF2 /* SelectViewController.swift in Sources */ = {isa = PBXBuildFile; fileRef = 461A06731C9EC7C000C15FF2 /* SelectViewController.swift */; };
		46280AB01CA67140002BB090 /* String+ConvertWidthSpec.swift in Sources */ = {isa = PBXBuildFile; fileRef = 46280AAF1CA67140002BB090 /* String+ConvertWidthSpec.swift */; };
		46280AB31CA69362002BB090 /* Weapon.swift in Sources */ = {isa = PBXBuildFile; fileRef = 46280AB11CA69362002BB090 /* Weapon.swift */; };
		46280AB41CA69362002BB090 /* Weapon.swift in Sources */ = {isa = PBXBuildFile; fileRef = 46280AB11CA69362002BB090 /* Weapon.swift */; };
		46280AB51CA69362002BB090 /* Weapons.swift in Sources */ = {isa = PBXBuildFile; fileRef = 46280AB21CA69362002BB090 /* Weapons.swift */; };
		46280AB61CA69362002BB090 /* Weapons.swift in Sources */ = {isa = PBXBuildFile; fileRef = 46280AB21CA69362002BB090 /* Weapons.swift */; };
		46280AB91CA6936E002BB090 /* Data.swift in Sources */ = {isa = PBXBuildFile; fileRef = 46280AB71CA6936E002BB090 /* Data.swift */; };
		46280ABA1CA6936E002BB090 /* Data.swift in Sources */ = {isa = PBXBuildFile; fileRef = 46280AB71CA6936E002BB090 /* Data.swift */; };
		46280ABB1CA6936E002BB090 /* DataCollection.swift in Sources */ = {isa = PBXBuildFile; fileRef = 46280AB81CA6936E002BB090 /* DataCollection.swift */; };
		46280ABC1CA6936E002BB090 /* DataCollection.swift in Sources */ = {isa = PBXBuildFile; fileRef = 46280AB81CA6936E002BB090 /* DataCollection.swift */; };
		46280ABE1CA6937F002BB090 /* String+ConvertWidth.swift in Sources */ = {isa = PBXBuildFile; fileRef = 46280ABD1CA6937F002BB090 /* String+ConvertWidth.swift */; };
		46280ABF1CA6937F002BB090 /* String+ConvertWidth.swift in Sources */ = {isa = PBXBuildFile; fileRef = 46280ABD1CA6937F002BB090 /* String+ConvertWidth.swift */; };
		4640F1941C9702EF0036C1CD /* BattleSpec.swift in Sources */ = {isa = PBXBuildFile; fileRef = 4640F1931C9702EF0036C1CD /* BattleSpec.swift */; };
		466595DE1C8B357500258E42 /* SessionViewController.swift in Sources */ = {isa = PBXBuildFile; fileRef = 466595DD1C8B357500258E42 /* SessionViewController.swift */; };
		466595DF1C8B357500258E42 /* SessionViewController.swift in Sources */ = {isa = PBXBuildFile; fileRef = 466595DD1C8B357500258E42 /* SessionViewController.swift */; };
		B15A909AA67ED85BA717F7E6 /* Pods_ikaten.framework in Frameworks */ = {isa = PBXBuildFile; fileRef = C867FD8CEF3CED506E69059A /* Pods_ikaten.framework */; };
		C40248ED1C8B3AA1007A3EF9 /* PreparationViewController.swift in Sources */ = {isa = PBXBuildFile; fileRef = C40248EB1C8B3AA1007A3EF9 /* PreparationViewController.swift */; };
		C40248EF1C8B3B55007A3EF9 /* Battle.swift in Sources */ = {isa = PBXBuildFile; fileRef = C40248EE1C8B3B55007A3EF9 /* Battle.swift */; };
		C40248F01C8B3B55007A3EF9 /* Battle.swift in Sources */ = {isa = PBXBuildFile; fileRef = C40248EE1C8B3B55007A3EF9 /* Battle.swift */; };
		C40248F21C8B5B01007A3EF9 /* CreateButtleViewController.swift in Sources */ = {isa = PBXBuildFile; fileRef = C40248F11C8B5B01007A3EF9 /* CreateButtleViewController.swift */; };
		C40248F31C8B5B01007A3EF9 /* CreateButtleViewController.swift in Sources */ = {isa = PBXBuildFile; fileRef = C40248F11C8B5B01007A3EF9 /* CreateButtleViewController.swift */; };
		C40248F71C8C2007007A3EF9 /* PreparationViewController.swift in Sources */ = {isa = PBXBuildFile; fileRef = C40248EB1C8B3AA1007A3EF9 /* PreparationViewController.swift */; };
		C40C114F1CA6957C008575B9 /* Udemae.swift in Sources */ = {isa = PBXBuildFile; fileRef = C40C114E1CA6957C008575B9 /* Udemae.swift */; };
		C40C11501CA6957C008575B9 /* Udemae.swift in Sources */ = {isa = PBXBuildFile; fileRef = C40C114E1CA6957C008575B9 /* Udemae.swift */; };
		C42C35F81CA6F90A0080A61E /* UdemaeSpec.swift in Sources */ = {isa = PBXBuildFile; fileRef = C42C35F71CA6F90A0080A61E /* UdemaeSpec.swift */; };
		C4511EF91C9F131C00052EDA /* LobbyViewController.swift in Sources */ = {isa = PBXBuildFile; fileRef = C4511EF81C9F131C00052EDA /* LobbyViewController.swift */; };
		C4511EFB1C9F18A100052EDA /* Lobby.swift in Sources */ = {isa = PBXBuildFile; fileRef = C4511EFA1C9F18A100052EDA /* Lobby.swift */; };
		C4511EFC1C9F18A100052EDA /* Lobby.swift in Sources */ = {isa = PBXBuildFile; fileRef = C4511EFA1C9F18A100052EDA /* Lobby.swift */; };
		C4511EFE1C9F2C6F00052EDA /* LobbySpec.swift in Sources */ = {isa = PBXBuildFile; fileRef = C4511EFD1C9F2C6F00052EDA /* LobbySpec.swift */; };
		C4511F001C9FC38700052EDA /* project_paintball.otf in Resources */ = {isa = PBXBuildFile; fileRef = C4511EFF1C9FC38200052EDA /* project_paintball.otf */; };
		C45F42AF1C9E8081005213B5 /* Rule.swift in Sources */ = {isa = PBXBuildFile; fileRef = C45F42AC1C9E8081005213B5 /* Rule.swift */; };
		C45F42B01C9E8081005213B5 /* Stage.swift in Sources */ = {isa = PBXBuildFile; fileRef = C45F42AD1C9E8081005213B5 /* Stage.swift */; };
		C45F42B11C9E8081005213B5 /* Stages.swift in Sources */ = {isa = PBXBuildFile; fileRef = C45F42AE1C9E8081005213B5 /* Stages.swift */; };
		C47C68881C8C5EEF003FADF7 /* ikamodoki.ttf in Resources */ = {isa = PBXBuildFile; fileRef = C47C68871C8C5EEF003FADF7 /* ikamodoki.ttf */; };
		C48CA8CD1CA66DFD005177D7 /* IkatenSegmentedControl.swift in Sources */ = {isa = PBXBuildFile; fileRef = C48CA8CC1CA66DFD005177D7 /* IkatenSegmentedControl.swift */; };
		C49BD6131CA2F88800156513 /* SegmentedControl.swift in Sources */ = {isa = PBXBuildFile; fileRef = C49BD6121CA2F88800156513 /* SegmentedControl.swift */; };
		C4A9AFEB1C8ADBDB00F8AA45 /* AppDelegate.swift in Sources */ = {isa = PBXBuildFile; fileRef = C4A9AFEA1C8ADBDB00F8AA45 /* AppDelegate.swift */; };
		C4A9AFF01C8ADBDB00F8AA45 /* Main.storyboard in Resources */ = {isa = PBXBuildFile; fileRef = C4A9AFEE1C8ADBDB00F8AA45 /* Main.storyboard */; };
		C4A9AFF21C8ADBDB00F8AA45 /* Assets.xcassets in Resources */ = {isa = PBXBuildFile; fileRef = C4A9AFF11C8ADBDB00F8AA45 /* Assets.xcassets */; };
		C4A9AFF51C8ADBDB00F8AA45 /* LaunchScreen.storyboard in Resources */ = {isa = PBXBuildFile; fileRef = C4A9AFF31C8ADBDB00F8AA45 /* LaunchScreen.storyboard */; };
		C4A9B0001C8ADBDB00F8AA45 /* ikatenTests.swift in Sources */ = {isa = PBXBuildFile; fileRef = C4A9AFFF1C8ADBDB00F8AA45 /* ikatenTests.swift */; };
		C4A9B00B1C8ADBDB00F8AA45 /* ikatenUITests.swift in Sources */ = {isa = PBXBuildFile; fileRef = C4A9B00A1C8ADBDB00F8AA45 /* ikatenUITests.swift */; };
		C4AC83B61C8C5908006DF92C /* RoundedCornersButton.swift in Sources */ = {isa = PBXBuildFile; fileRef = C4AC83B51C8C5908006DF92C /* RoundedCornersButton.swift */; };
		C4AE74861C96EC95005CFB48 /* Splapi.swift in Sources */ = {isa = PBXBuildFile; fileRef = C4AE74851C96EC95005CFB48 /* Splapi.swift */; };
		C4B552221CA6E683004F4B25 /* IkatenSegmentedControl.swift in Sources */ = {isa = PBXBuildFile; fileRef = C48CA8CC1CA66DFD005177D7 /* IkatenSegmentedControl.swift */; };
		C4B56D611C9EACC1003FC21A /* Stages.swift in Sources */ = {isa = PBXBuildFile; fileRef = C45F42AE1C9E8081005213B5 /* Stages.swift */; };
		C4B56D621C9EAE6F003FC21A /* Stage.swift in Sources */ = {isa = PBXBuildFile; fileRef = C45F42AD1C9E8081005213B5 /* Stage.swift */; };
		C4B56D631C9EB491003FC21A /* Rule.swift in Sources */ = {isa = PBXBuildFile; fileRef = C45F42AC1C9E8081005213B5 /* Rule.swift */; };
		C4B56D641C9EB4D2003FC21A /* Splapi.swift in Sources */ = {isa = PBXBuildFile; fileRef = C4AE74851C96EC95005CFB48 /* Splapi.swift */; };
		C4B56D661C9EC274003FC21A /* RuleSpec.swift in Sources */ = {isa = PBXBuildFile; fileRef = C4B56D651C9EC274003FC21A /* RuleSpec.swift */; };
		C4B56D681C9EC2C2003FC21A /* StageSpec.swift in Sources */ = {isa = PBXBuildFile; fileRef = C4B56D671C9EC2C2003FC21A /* StageSpec.swift */; };
		C4B56D6A1C9EC2DC003FC21A /* StagesSpec.swift in Sources */ = {isa = PBXBuildFile; fileRef = C4B56D691C9EC2DC003FC21A /* StagesSpec.swift */; };
		C4FC6A881C8B11C70023A85A /* Router.swift in Sources */ = {isa = PBXBuildFile; fileRef = C4FC6A871C8B11C70023A85A /* Router.swift */; };
		C4FC6A8A1C8B18D40023A85A /* Router.swift in Sources */ = {isa = PBXBuildFile; fileRef = C4FC6A871C8B11C70023A85A /* Router.swift */; };
		C4FC6A8C1C8B19BD0023A85A /* StatInk.swift in Sources */ = {isa = PBXBuildFile; fileRef = C4FC6A8B1C8B19BD0023A85A /* StatInk.swift */; };
		C4FC6A8F1C8B1F370023A85A /* StatInkTests.swift in Sources */ = {isa = PBXBuildFile; fileRef = C4FC6A8E1C8B1F370023A85A /* StatInkTests.swift */; };
		C4FC6A901C8B1F510023A85A /* StatInk.swift in Sources */ = {isa = PBXBuildFile; fileRef = C4FC6A8B1C8B19BD0023A85A /* StatInk.swift */; };
		EFF3606D6C6B3C296C07AF5B /* Pods_ikatenUITests.framework in Frameworks */ = {isa = PBXBuildFile; fileRef = 69539928D2C5B033EFFA4335 /* Pods_ikatenUITests.framework */; };
		F7A19B70C2A3E660A85542D9 /* Pods_ikatenTests.framework in Frameworks */ = {isa = PBXBuildFile; fileRef = 51CB08DE701A2ED86C36576B /* Pods_ikatenTests.framework */; };
/* End PBXBuildFile section */

/* Begin PBXContainerItemProxy section */
		C4A9AFFC1C8ADBDB00F8AA45 /* PBXContainerItemProxy */ = {
			isa = PBXContainerItemProxy;
			containerPortal = C4A9AFDF1C8ADBDB00F8AA45 /* Project object */;
			proxyType = 1;
			remoteGlobalIDString = C4A9AFE61C8ADBDB00F8AA45;
			remoteInfo = ikaten;
		};
		C4A9B0071C8ADBDB00F8AA45 /* PBXContainerItemProxy */ = {
			isa = PBXContainerItemProxy;
			containerPortal = C4A9AFDF1C8ADBDB00F8AA45 /* Project object */;
			proxyType = 1;
			remoteGlobalIDString = C4A9AFE61C8ADBDB00F8AA45;
			remoteInfo = ikaten;
		};
/* End PBXContainerItemProxy section */

/* Begin PBXFileReference section */
		32FBF78638341B225D5FF50A /* Pods-ikatenUITests.release.xcconfig */ = {isa = PBXFileReference; includeInIndex = 1; lastKnownFileType = text.xcconfig; name = "Pods-ikatenUITests.release.xcconfig"; path = "Pods/Target Support Files/Pods-ikatenUITests/Pods-ikatenUITests.release.xcconfig"; sourceTree = "<group>"; };
		46100B341CA01E43006B1051 /* DataCollectionSpec.swift */ = {isa = PBXFileReference; fileEncoding = 4; lastKnownFileType = sourcecode.swift; name = DataCollectionSpec.swift; path = ikatenTests/Models/DataCollectionSpec.swift; sourceTree = SOURCE_ROOT; };
		46100B361CA01E70006B1051 /* DataSpec.swift */ = {isa = PBXFileReference; fileEncoding = 4; lastKnownFileType = sourcecode.swift; name = DataSpec.swift; path = ikatenTests/Models/DataSpec.swift; sourceTree = SOURCE_ROOT; };
		46100B381CA01EA2006B1051 /* WeaponSpec.swift */ = {isa = PBXFileReference; fileEncoding = 4; lastKnownFileType = sourcecode.swift; name = WeaponSpec.swift; path = Models/WeaponSpec.swift; sourceTree = "<group>"; };
		46100B3A1CA01EB1006B1051 /* WeaponsSpec.swift */ = {isa = PBXFileReference; fileEncoding = 4; lastKnownFileType = sourcecode.swift; name = WeaponsSpec.swift; path = Models/WeaponsSpec.swift; sourceTree = "<group>"; };
		461A06731C9EC7C000C15FF2 /* SelectViewController.swift */ = {isa = PBXFileReference; fileEncoding = 4; lastKnownFileType = sourcecode.swift; name = SelectViewController.swift; path = Classes/Controllers/SelectViewController.swift; sourceTree = "<group>"; };
		46280AAF1CA67140002BB090 /* String+ConvertWidthSpec.swift */ = {isa = PBXFileReference; fileEncoding = 4; lastKnownFileType = sourcecode.swift; name = "String+ConvertWidthSpec.swift"; path = "Libraries/String+ConvertWidthSpec.swift"; sourceTree = "<group>"; };
		46280AB11CA69362002BB090 /* Weapon.swift */ = {isa = PBXFileReference; fileEncoding = 4; lastKnownFileType = sourcecode.swift; name = Weapon.swift; path = Classes/Models/Weapon.swift; sourceTree = "<group>"; };
		46280AB21CA69362002BB090 /* Weapons.swift */ = {isa = PBXFileReference; fileEncoding = 4; lastKnownFileType = sourcecode.swift; name = Weapons.swift; path = Classes/Models/Weapons.swift; sourceTree = "<group>"; };
		46280AB71CA6936E002BB090 /* Data.swift */ = {isa = PBXFileReference; fileEncoding = 4; lastKnownFileType = sourcecode.swift; name = Data.swift; path = Classes/Models/Data.swift; sourceTree = "<group>"; };
		46280AB81CA6936E002BB090 /* DataCollection.swift */ = {isa = PBXFileReference; fileEncoding = 4; lastKnownFileType = sourcecode.swift; name = DataCollection.swift; path = Classes/Models/DataCollection.swift; sourceTree = "<group>"; };
		46280ABD1CA6937F002BB090 /* String+ConvertWidth.swift */ = {isa = PBXFileReference; fileEncoding = 4; lastKnownFileType = sourcecode.swift; name = "String+ConvertWidth.swift"; path = "Classes/Libraries/String+ConvertWidth.swift"; sourceTree = "<group>"; };
		4640F1931C9702EF0036C1CD /* BattleSpec.swift */ = {isa = PBXFileReference; fileEncoding = 4; lastKnownFileType = sourcecode.swift; name = BattleSpec.swift; path = Models/BattleSpec.swift; sourceTree = "<group>"; };
		466595DD1C8B357500258E42 /* SessionViewController.swift */ = {isa = PBXFileReference; fileEncoding = 4; lastKnownFileType = sourcecode.swift; name = SessionViewController.swift; path = Classes/Controllers/SessionViewController.swift; sourceTree = "<group>"; };
		51CB08DE701A2ED86C36576B /* Pods_ikatenTests.framework */ = {isa = PBXFileReference; explicitFileType = wrapper.framework; includeInIndex = 0; path = Pods_ikatenTests.framework; sourceTree = BUILT_PRODUCTS_DIR; };
		5D2A481430E0C756A703ECE8 /* Pods-ikatenUITests.debug.xcconfig */ = {isa = PBXFileReference; includeInIndex = 1; lastKnownFileType = text.xcconfig; name = "Pods-ikatenUITests.debug.xcconfig"; path = "Pods/Target Support Files/Pods-ikatenUITests/Pods-ikatenUITests.debug.xcconfig"; sourceTree = "<group>"; };
		69539928D2C5B033EFFA4335 /* Pods_ikatenUITests.framework */ = {isa = PBXFileReference; explicitFileType = wrapper.framework; includeInIndex = 0; path = Pods_ikatenUITests.framework; sourceTree = BUILT_PRODUCTS_DIR; };
		B14EA4370DA8B3D025055265 /* Pods-ikaten.debug.xcconfig */ = {isa = PBXFileReference; includeInIndex = 1; lastKnownFileType = text.xcconfig; name = "Pods-ikaten.debug.xcconfig"; path = "Pods/Target Support Files/Pods-ikaten/Pods-ikaten.debug.xcconfig"; sourceTree = "<group>"; };
		C40248EB1C8B3AA1007A3EF9 /* PreparationViewController.swift */ = {isa = PBXFileReference; fileEncoding = 4; lastKnownFileType = sourcecode.swift; name = PreparationViewController.swift; path = Classes/Controllers/PreparationViewController.swift; sourceTree = "<group>"; };
		C40248EE1C8B3B55007A3EF9 /* Battle.swift */ = {isa = PBXFileReference; fileEncoding = 4; lastKnownFileType = sourcecode.swift; name = Battle.swift; path = Classes/Models/Battle.swift; sourceTree = "<group>"; };
		C40248F11C8B5B01007A3EF9 /* CreateButtleViewController.swift */ = {isa = PBXFileReference; fileEncoding = 4; lastKnownFileType = sourcecode.swift; name = CreateButtleViewController.swift; path = Classes/Controllers/CreateButtleViewController.swift; sourceTree = "<group>"; };
		C40C114E1CA6957C008575B9 /* Udemae.swift */ = {isa = PBXFileReference; fileEncoding = 4; lastKnownFileType = sourcecode.swift; name = Udemae.swift; path = Classes/Models/Udemae.swift; sourceTree = "<group>"; };
		C42C35F71CA6F90A0080A61E /* UdemaeSpec.swift */ = {isa = PBXFileReference; fileEncoding = 4; lastKnownFileType = sourcecode.swift; name = UdemaeSpec.swift; path = Models/UdemaeSpec.swift; sourceTree = "<group>"; };
		C4511EF81C9F131C00052EDA /* LobbyViewController.swift */ = {isa = PBXFileReference; fileEncoding = 4; lastKnownFileType = sourcecode.swift; name = LobbyViewController.swift; path = Classes/Controllers/LobbyViewController.swift; sourceTree = "<group>"; };
		C4511EFA1C9F18A100052EDA /* Lobby.swift */ = {isa = PBXFileReference; fileEncoding = 4; lastKnownFileType = sourcecode.swift; name = Lobby.swift; path = Classes/Models/Lobby.swift; sourceTree = "<group>"; };
		C4511EFD1C9F2C6F00052EDA /* LobbySpec.swift */ = {isa = PBXFileReference; fileEncoding = 4; lastKnownFileType = sourcecode.swift; name = LobbySpec.swift; path = Models/LobbySpec.swift; sourceTree = "<group>"; };
		C4511EFF1C9FC38200052EDA /* project_paintball.otf */ = {isa = PBXFileReference; lastKnownFileType = file; path = project_paintball.otf; sourceTree = "<group>"; };
		C45F42AC1C9E8081005213B5 /* Rule.swift */ = {isa = PBXFileReference; fileEncoding = 4; lastKnownFileType = sourcecode.swift; name = Rule.swift; path = Classes/Models/Rule.swift; sourceTree = "<group>"; };
		C45F42AD1C9E8081005213B5 /* Stage.swift */ = {isa = PBXFileReference; fileEncoding = 4; lastKnownFileType = sourcecode.swift; name = Stage.swift; path = Classes/Models/Stage.swift; sourceTree = "<group>"; };
		C45F42AE1C9E8081005213B5 /* Stages.swift */ = {isa = PBXFileReference; fileEncoding = 4; lastKnownFileType = sourcecode.swift; name = Stages.swift; path = Classes/Models/Stages.swift; sourceTree = "<group>"; };
		C47C68871C8C5EEF003FADF7 /* ikamodoki.ttf */ = {isa = PBXFileReference; lastKnownFileType = file; name = ikamodoki.ttf; path = OtherFiles/ikamodoki.ttf; sourceTree = "<group>"; };
		C48CA8CC1CA66DFD005177D7 /* IkatenSegmentedControl.swift */ = {isa = PBXFileReference; fileEncoding = 4; lastKnownFileType = sourcecode.swift; name = IkatenSegmentedControl.swift; path = Classes/Views/IkatenSegmentedControl.swift; sourceTree = "<group>"; };
		C49BD6121CA2F88800156513 /* SegmentedControl.swift */ = {isa = PBXFileReference; fileEncoding = 4; lastKnownFileType = sourcecode.swift; name = SegmentedControl.swift; path = Classes/Views/SegmentedControl.swift; sourceTree = "<group>"; };
		C4A9AFE71C8ADBDB00F8AA45 /* ikaten.app */ = {isa = PBXFileReference; explicitFileType = wrapper.application; includeInIndex = 0; path = ikaten.app; sourceTree = BUILT_PRODUCTS_DIR; };
		C4A9AFEA1C8ADBDB00F8AA45 /* AppDelegate.swift */ = {isa = PBXFileReference; lastKnownFileType = sourcecode.swift; name = AppDelegate.swift; path = Classes/AppDelegate.swift; sourceTree = "<group>"; };
		C4A9AFEF1C8ADBDB00F8AA45 /* Base */ = {isa = PBXFileReference; lastKnownFileType = file.storyboard; name = Base; path = Base.lproj/Main.storyboard; sourceTree = "<group>"; };
		C4A9AFF11C8ADBDB00F8AA45 /* Assets.xcassets */ = {isa = PBXFileReference; lastKnownFileType = folder.assetcatalog; path = Assets.xcassets; sourceTree = "<group>"; };
		C4A9AFF41C8ADBDB00F8AA45 /* Base */ = {isa = PBXFileReference; lastKnownFileType = file.storyboard; name = Base; path = Base.lproj/LaunchScreen.storyboard; sourceTree = "<group>"; };
		C4A9AFF61C8ADBDB00F8AA45 /* Info.plist */ = {isa = PBXFileReference; lastKnownFileType = text.plist.xml; path = Info.plist; sourceTree = "<group>"; };
		C4A9AFFB1C8ADBDB00F8AA45 /* ikatenTests.xctest */ = {isa = PBXFileReference; explicitFileType = wrapper.cfbundle; includeInIndex = 0; path = ikatenTests.xctest; sourceTree = BUILT_PRODUCTS_DIR; };
		C4A9AFFF1C8ADBDB00F8AA45 /* ikatenTests.swift */ = {isa = PBXFileReference; lastKnownFileType = sourcecode.swift; path = ikatenTests.swift; sourceTree = "<group>"; };
		C4A9B0011C8ADBDB00F8AA45 /* Info.plist */ = {isa = PBXFileReference; lastKnownFileType = text.plist.xml; path = Info.plist; sourceTree = "<group>"; };
		C4A9B0061C8ADBDB00F8AA45 /* ikatenUITests.xctest */ = {isa = PBXFileReference; explicitFileType = wrapper.cfbundle; includeInIndex = 0; path = ikatenUITests.xctest; sourceTree = BUILT_PRODUCTS_DIR; };
		C4A9B00A1C8ADBDB00F8AA45 /* ikatenUITests.swift */ = {isa = PBXFileReference; lastKnownFileType = sourcecode.swift; path = ikatenUITests.swift; sourceTree = "<group>"; };
		C4A9B00C1C8ADBDB00F8AA45 /* Info.plist */ = {isa = PBXFileReference; lastKnownFileType = text.plist.xml; path = Info.plist; sourceTree = "<group>"; };
		C4AC83B51C8C5908006DF92C /* RoundedCornersButton.swift */ = {isa = PBXFileReference; fileEncoding = 4; lastKnownFileType = sourcecode.swift; name = RoundedCornersButton.swift; path = Classes/Views/RoundedCornersButton.swift; sourceTree = "<group>"; };
		C4AE74851C96EC95005CFB48 /* Splapi.swift */ = {isa = PBXFileReference; fileEncoding = 4; lastKnownFileType = sourcecode.swift; name = Splapi.swift; path = Classes/Libraries/Splapi.swift; sourceTree = "<group>"; };
		C4B56D651C9EC274003FC21A /* RuleSpec.swift */ = {isa = PBXFileReference; fileEncoding = 4; lastKnownFileType = sourcecode.swift; name = RuleSpec.swift; path = Models/RuleSpec.swift; sourceTree = "<group>"; };
		C4B56D671C9EC2C2003FC21A /* StageSpec.swift */ = {isa = PBXFileReference; fileEncoding = 4; lastKnownFileType = sourcecode.swift; name = StageSpec.swift; path = Models/StageSpec.swift; sourceTree = "<group>"; };
		C4B56D691C9EC2DC003FC21A /* StagesSpec.swift */ = {isa = PBXFileReference; fileEncoding = 4; lastKnownFileType = sourcecode.swift; name = StagesSpec.swift; path = Models/StagesSpec.swift; sourceTree = "<group>"; };
		C4FC6A871C8B11C70023A85A /* Router.swift */ = {isa = PBXFileReference; fileEncoding = 4; lastKnownFileType = sourcecode.swift; name = Router.swift; path = Classes/Libraries/Router.swift; sourceTree = "<group>"; };
		C4FC6A8B1C8B19BD0023A85A /* StatInk.swift */ = {isa = PBXFileReference; fileEncoding = 4; lastKnownFileType = sourcecode.swift; name = StatInk.swift; path = Classes/Libraries/StatInk.swift; sourceTree = "<group>"; };
		C4FC6A8E1C8B1F370023A85A /* StatInkTests.swift */ = {isa = PBXFileReference; fileEncoding = 4; lastKnownFileType = sourcecode.swift; name = StatInkTests.swift; path = Libraries/StatInkTests.swift; sourceTree = "<group>"; };
		C867FD8CEF3CED506E69059A /* Pods_ikaten.framework */ = {isa = PBXFileReference; explicitFileType = wrapper.framework; includeInIndex = 0; path = Pods_ikaten.framework; sourceTree = BUILT_PRODUCTS_DIR; };
		D3CBE2F4E429975B62A23BCA /* Pods-ikatenTests.release.xcconfig */ = {isa = PBXFileReference; includeInIndex = 1; lastKnownFileType = text.xcconfig; name = "Pods-ikatenTests.release.xcconfig"; path = "Pods/Target Support Files/Pods-ikatenTests/Pods-ikatenTests.release.xcconfig"; sourceTree = "<group>"; };
		E25C443C6AD435B6C2DA3DFA /* Pods-ikatenTests.debug.xcconfig */ = {isa = PBXFileReference; includeInIndex = 1; lastKnownFileType = text.xcconfig; name = "Pods-ikatenTests.debug.xcconfig"; path = "Pods/Target Support Files/Pods-ikatenTests/Pods-ikatenTests.debug.xcconfig"; sourceTree = "<group>"; };
		FD469AA50F2B35819609DF3B /* Pods-ikaten.release.xcconfig */ = {isa = PBXFileReference; includeInIndex = 1; lastKnownFileType = text.xcconfig; name = "Pods-ikaten.release.xcconfig"; path = "Pods/Target Support Files/Pods-ikaten/Pods-ikaten.release.xcconfig"; sourceTree = "<group>"; };
/* End PBXFileReference section */

/* Begin PBXFrameworksBuildPhase section */
		C4A9AFE41C8ADBDB00F8AA45 /* Frameworks */ = {
			isa = PBXFrameworksBuildPhase;
			buildActionMask = 2147483647;
			files = (
				B15A909AA67ED85BA717F7E6 /* Pods_ikaten.framework in Frameworks */,
			);
			runOnlyForDeploymentPostprocessing = 0;
		};
		C4A9AFF81C8ADBDB00F8AA45 /* Frameworks */ = {
			isa = PBXFrameworksBuildPhase;
			buildActionMask = 2147483647;
			files = (
				F7A19B70C2A3E660A85542D9 /* Pods_ikatenTests.framework in Frameworks */,
			);
			runOnlyForDeploymentPostprocessing = 0;
		};
		C4A9B0031C8ADBDB00F8AA45 /* Frameworks */ = {
			isa = PBXFrameworksBuildPhase;
			buildActionMask = 2147483647;
			files = (
				EFF3606D6C6B3C296C07AF5B /* Pods_ikatenUITests.framework in Frameworks */,
			);
			runOnlyForDeploymentPostprocessing = 0;
		};
/* End PBXFrameworksBuildPhase section */

/* Begin PBXGroup section */
		4640F1921C9702960036C1CD /* Models */ = {
			isa = PBXGroup;
			children = (
				46100B341CA01E43006B1051 /* DataCollectionSpec.swift */,
				46100B361CA01E70006B1051 /* DataSpec.swift */,
				46100B3A1CA01EB1006B1051 /* WeaponsSpec.swift */,
				46100B381CA01EA2006B1051 /* WeaponSpec.swift */,
				C4B56D691C9EC2DC003FC21A /* StagesSpec.swift */,
				C4B56D671C9EC2C2003FC21A /* StageSpec.swift */,
				C4B56D651C9EC274003FC21A /* RuleSpec.swift */,
				C4511EFD1C9F2C6F00052EDA /* LobbySpec.swift */,
				4640F1931C9702EF0036C1CD /* BattleSpec.swift */,
				C42C35F71CA6F90A0080A61E /* UdemaeSpec.swift */,
			);
			name = Models;
			sourceTree = "<group>";
		};
		6EF3A7C6ACBAA264E44B062B /* Pods */ = {
			isa = PBXGroup;
			children = (
				B14EA4370DA8B3D025055265 /* Pods-ikaten.debug.xcconfig */,
				FD469AA50F2B35819609DF3B /* Pods-ikaten.release.xcconfig */,
				E25C443C6AD435B6C2DA3DFA /* Pods-ikatenTests.debug.xcconfig */,
				D3CBE2F4E429975B62A23BCA /* Pods-ikatenTests.release.xcconfig */,
				5D2A481430E0C756A703ECE8 /* Pods-ikatenUITests.debug.xcconfig */,
				32FBF78638341B225D5FF50A /* Pods-ikatenUITests.release.xcconfig */,
			);
			name = Pods;
			sourceTree = "<group>";
		};
		8E17BCFF6D55609016F7E353 /* Frameworks */ = {
			isa = PBXGroup;
			children = (
				C867FD8CEF3CED506E69059A /* Pods_ikaten.framework */,
				51CB08DE701A2ED86C36576B /* Pods_ikatenTests.framework */,
				69539928D2C5B033EFFA4335 /* Pods_ikatenUITests.framework */,
			);
			name = Frameworks;
			sourceTree = "<group>";
		};
		C47C68861C8C5EB9003FADF7 /* OtherFiles */ = {
			isa = PBXGroup;
			children = (
				C4511EFF1C9FC38200052EDA /* project_paintball.otf */,
				C47C68871C8C5EEF003FADF7 /* ikamodoki.ttf */,
			);
			name = OtherFiles;
			sourceTree = "<group>";
		};
		C4A9AFDE1C8ADBDB00F8AA45 = {
			isa = PBXGroup;
			children = (
				C4A9AFE91C8ADBDB00F8AA45 /* ikaten */,
				C4A9AFFE1C8ADBDB00F8AA45 /* ikatenTests */,
				C4A9B0091C8ADBDB00F8AA45 /* ikatenUITests */,
				C4A9AFE81C8ADBDB00F8AA45 /* Products */,
				6EF3A7C6ACBAA264E44B062B /* Pods */,
				8E17BCFF6D55609016F7E353 /* Frameworks */,
			);
			sourceTree = "<group>";
		};
		C4A9AFE81C8ADBDB00F8AA45 /* Products */ = {
			isa = PBXGroup;
			children = (
				C4A9AFE71C8ADBDB00F8AA45 /* ikaten.app */,
				C4A9AFFB1C8ADBDB00F8AA45 /* ikatenTests.xctest */,
				C4A9B0061C8ADBDB00F8AA45 /* ikatenUITests.xctest */,
			);
			name = Products;
			sourceTree = "<group>";
		};
		C4A9AFE91C8ADBDB00F8AA45 /* ikaten */ = {
			isa = PBXGroup;
			children = (
				C4FC6A821C8B01B00023A85A /* Classes */,
				C47C68861C8C5EB9003FADF7 /* OtherFiles */,
				C4A9AFEA1C8ADBDB00F8AA45 /* AppDelegate.swift */,
				C4A9AFEE1C8ADBDB00F8AA45 /* Main.storyboard */,
				C4A9AFF11C8ADBDB00F8AA45 /* Assets.xcassets */,
				C4A9AFF31C8ADBDB00F8AA45 /* LaunchScreen.storyboard */,
				C4A9AFF61C8ADBDB00F8AA45 /* Info.plist */,
			);
			path = ikaten;
			sourceTree = "<group>";
		};
		C4A9AFFE1C8ADBDB00F8AA45 /* ikatenTests */ = {
			isa = PBXGroup;
			children = (
				C4A9AFFF1C8ADBDB00F8AA45 /* ikatenTests.swift */,
				4640F1921C9702960036C1CD /* Models */,
				C4FC6A8D1C8B1F090023A85A /* Libraries */,
				C4A9B0011C8ADBDB00F8AA45 /* Info.plist */,
			);
			path = ikatenTests;
			sourceTree = "<group>";
		};
		C4A9B0091C8ADBDB00F8AA45 /* ikatenUITests */ = {
			isa = PBXGroup;
			children = (
				C4A9B00A1C8ADBDB00F8AA45 /* ikatenUITests.swift */,
				C4A9B00C1C8ADBDB00F8AA45 /* Info.plist */,
			);
			path = ikatenUITests;
			sourceTree = "<group>";
		};
		C4AC83B41C8C58A6006DF92C /* Views */ = {
			isa = PBXGroup;
			children = (
				C4AC83B51C8C5908006DF92C /* RoundedCornersButton.swift */,
				C49BD6121CA2F88800156513 /* SegmentedControl.swift */,
				C48CA8CC1CA66DFD005177D7 /* IkatenSegmentedControl.swift */,
			);
			name = Views;
			sourceTree = "<group>";
		};
		C4FC6A821C8B01B00023A85A /* Classes */ = {
			isa = PBXGroup;
			children = (
				C4FC6A831C8B01BB0023A85A /* Models */,
				C4FC6A841C8B01C30023A85A /* Controllers */,
				C4FC6A891C8B16340023A85A /* Libraries */,
				C4AC83B41C8C58A6006DF92C /* Views */,
			);
			name = Classes;
			sourceTree = "<group>";
		};
		C4FC6A831C8B01BB0023A85A /* Models */ = {
			isa = PBXGroup;
			children = (
				46280AB71CA6936E002BB090 /* Data.swift */,
				46280AB81CA6936E002BB090 /* DataCollection.swift */,
				46280AB11CA69362002BB090 /* Weapon.swift */,
				46280AB21CA69362002BB090 /* Weapons.swift */,
				C45F42AE1C9E8081005213B5 /* Stages.swift */,
				C45F42AD1C9E8081005213B5 /* Stage.swift */,
				C45F42AC1C9E8081005213B5 /* Rule.swift */,
				C40C114E1CA6957C008575B9 /* Udemae.swift */,
				C4511EFA1C9F18A100052EDA /* Lobby.swift */,
				C40248EE1C8B3B55007A3EF9 /* Battle.swift */,
			);
			name = Models;
			sourceTree = "<group>";
		};
		C4FC6A841C8B01C30023A85A /* Controllers */ = {
			isa = PBXGroup;
			children = (
				466595DD1C8B357500258E42 /* SessionViewController.swift */,
				C4511EF81C9F131C00052EDA /* LobbyViewController.swift */,
				C40248EB1C8B3AA1007A3EF9 /* PreparationViewController.swift */,
				C40248F11C8B5B01007A3EF9 /* CreateButtleViewController.swift */,
				461A06731C9EC7C000C15FF2 /* SelectViewController.swift */,
			);
			name = Controllers;
			sourceTree = "<group>";
		};
		C4FC6A891C8B16340023A85A /* Libraries */ = {
			isa = PBXGroup;
			children = (
				C4FC6A871C8B11C70023A85A /* Router.swift */,
				C4FC6A8B1C8B19BD0023A85A /* StatInk.swift */,
				46280ABD1CA6937F002BB090 /* String+ConvertWidth.swift */,
				C4AE74851C96EC95005CFB48 /* Splapi.swift */,
			);
			name = Libraries;
			sourceTree = "<group>";
		};
		C4FC6A8D1C8B1F090023A85A /* Libraries */ = {
			isa = PBXGroup;
			children = (
				C4FC6A8E1C8B1F370023A85A /* StatInkTests.swift */,
				46280AAF1CA67140002BB090 /* String+ConvertWidthSpec.swift */,
			);
			name = Libraries;
			sourceTree = "<group>";
		};
/* End PBXGroup section */

/* Begin PBXNativeTarget section */
		C4A9AFE61C8ADBDB00F8AA45 /* ikaten */ = {
			isa = PBXNativeTarget;
			buildConfigurationList = C4A9B00F1C8ADBDB00F8AA45 /* Build configuration list for PBXNativeTarget "ikaten" */;
			buildPhases = (
				5545BDDE73503A60499A6CB0 /* Check Pods Manifest.lock */,
				C4A9AFE31C8ADBDB00F8AA45 /* Sources */,
				C4A9AFE41C8ADBDB00F8AA45 /* Frameworks */,
				C4A9AFE51C8ADBDB00F8AA45 /* Resources */,
				FBF528AEE5E4093C1B122256 /* Embed Pods Frameworks */,
				58E009F1E5BF44FEC0B34528 /* Copy Pods Resources */,
			);
			buildRules = (
			);
			dependencies = (
			);
			name = ikaten;
			productName = ikaten;
			productReference = C4A9AFE71C8ADBDB00F8AA45 /* ikaten.app */;
			productType = "com.apple.product-type.application";
		};
		C4A9AFFA1C8ADBDB00F8AA45 /* ikatenTests */ = {
			isa = PBXNativeTarget;
			buildConfigurationList = C4A9B0121C8ADBDB00F8AA45 /* Build configuration list for PBXNativeTarget "ikatenTests" */;
			buildPhases = (
				A602FD77F40F60C35528FCB8 /* Check Pods Manifest.lock */,
				C4A9AFF71C8ADBDB00F8AA45 /* Sources */,
				C4A9AFF81C8ADBDB00F8AA45 /* Frameworks */,
				C4A9AFF91C8ADBDB00F8AA45 /* Resources */,
				376C149545D3A1BCDC42EDD9 /* Embed Pods Frameworks */,
				662B1FA5E428D47C9897AF9B /* Copy Pods Resources */,
			);
			buildRules = (
			);
			dependencies = (
				C4A9AFFD1C8ADBDB00F8AA45 /* PBXTargetDependency */,
			);
			name = ikatenTests;
			productName = ikatenTests;
			productReference = C4A9AFFB1C8ADBDB00F8AA45 /* ikatenTests.xctest */;
			productType = "com.apple.product-type.bundle.unit-test";
		};
		C4A9B0051C8ADBDB00F8AA45 /* ikatenUITests */ = {
			isa = PBXNativeTarget;
			buildConfigurationList = C4A9B0151C8ADBDB00F8AA45 /* Build configuration list for PBXNativeTarget "ikatenUITests" */;
			buildPhases = (
				CC801DD63494C528F42CB76C /* Check Pods Manifest.lock */,
				C4A9B0021C8ADBDB00F8AA45 /* Sources */,
				C4A9B0031C8ADBDB00F8AA45 /* Frameworks */,
				C4A9B0041C8ADBDB00F8AA45 /* Resources */,
				191F00FB284051CBA1B05E59 /* Copy Pods Resources */,
			);
			buildRules = (
			);
			dependencies = (
				C4A9B0081C8ADBDB00F8AA45 /* PBXTargetDependency */,
			);
			name = ikatenUITests;
			productName = ikatenUITests;
			productReference = C4A9B0061C8ADBDB00F8AA45 /* ikatenUITests.xctest */;
			productType = "com.apple.product-type.bundle.ui-testing";
		};
/* End PBXNativeTarget section */

/* Begin PBXProject section */
		C4A9AFDF1C8ADBDB00F8AA45 /* Project object */ = {
			isa = PBXProject;
			attributes = {
				LastSwiftUpdateCheck = 0720;
				LastUpgradeCheck = 0730;
				ORGANIZATIONNAME = orzup;
				TargetAttributes = {
					C4A9AFE61C8ADBDB00F8AA45 = {
						CreatedOnToolsVersion = 7.2.1;
						DevelopmentTeam = R6MFEGYD4A;
					};
					C4A9AFFA1C8ADBDB00F8AA45 = {
						CreatedOnToolsVersion = 7.2.1;
						TestTargetID = C4A9AFE61C8ADBDB00F8AA45;
					};
					C4A9B0051C8ADBDB00F8AA45 = {
						CreatedOnToolsVersion = 7.2.1;
						TestTargetID = C4A9AFE61C8ADBDB00F8AA45;
					};
				};
			};
			buildConfigurationList = C4A9AFE21C8ADBDB00F8AA45 /* Build configuration list for PBXProject "ikaten" */;
			compatibilityVersion = "Xcode 3.2";
			developmentRegion = English;
			hasScannedForEncodings = 0;
			knownRegions = (
				en,
				Base,
			);
			mainGroup = C4A9AFDE1C8ADBDB00F8AA45;
			productRefGroup = C4A9AFE81C8ADBDB00F8AA45 /* Products */;
			projectDirPath = "";
			projectRoot = "";
			targets = (
				C4A9AFE61C8ADBDB00F8AA45 /* ikaten */,
				C4A9AFFA1C8ADBDB00F8AA45 /* ikatenTests */,
				C4A9B0051C8ADBDB00F8AA45 /* ikatenUITests */,
			);
		};
/* End PBXProject section */

/* Begin PBXResourcesBuildPhase section */
		C4A9AFE51C8ADBDB00F8AA45 /* Resources */ = {
			isa = PBXResourcesBuildPhase;
			buildActionMask = 2147483647;
			files = (
				C4A9AFF51C8ADBDB00F8AA45 /* LaunchScreen.storyboard in Resources */,
				C4511F001C9FC38700052EDA /* project_paintball.otf in Resources */,
				C47C68881C8C5EEF003FADF7 /* ikamodoki.ttf in Resources */,
				C4A9AFF21C8ADBDB00F8AA45 /* Assets.xcassets in Resources */,
				C4A9AFF01C8ADBDB00F8AA45 /* Main.storyboard in Resources */,
			);
			runOnlyForDeploymentPostprocessing = 0;
		};
		C4A9AFF91C8ADBDB00F8AA45 /* Resources */ = {
			isa = PBXResourcesBuildPhase;
			buildActionMask = 2147483647;
			files = (
			);
			runOnlyForDeploymentPostprocessing = 0;
		};
		C4A9B0041C8ADBDB00F8AA45 /* Resources */ = {
			isa = PBXResourcesBuildPhase;
			buildActionMask = 2147483647;
			files = (
			);
			runOnlyForDeploymentPostprocessing = 0;
		};
/* End PBXResourcesBuildPhase section */

/* Begin PBXShellScriptBuildPhase section */
		191F00FB284051CBA1B05E59 /* Copy Pods Resources */ = {
			isa = PBXShellScriptBuildPhase;
			buildActionMask = 2147483647;
			files = (
			);
			inputPaths = (
			);
			name = "Copy Pods Resources";
			outputPaths = (
			);
			runOnlyForDeploymentPostprocessing = 0;
			shellPath = /bin/sh;
			shellScript = "\"${SRCROOT}/Pods/Target Support Files/Pods-ikatenUITests/Pods-ikatenUITests-resources.sh\"\n";
			showEnvVarsInLog = 0;
		};
		376C149545D3A1BCDC42EDD9 /* Embed Pods Frameworks */ = {
			isa = PBXShellScriptBuildPhase;
			buildActionMask = 2147483647;
			files = (
			);
			inputPaths = (
			);
			name = "Embed Pods Frameworks";
			outputPaths = (
			);
			runOnlyForDeploymentPostprocessing = 0;
			shellPath = /bin/sh;
			shellScript = "\"${SRCROOT}/Pods/Target Support Files/Pods-ikatenTests/Pods-ikatenTests-frameworks.sh\"\n";
			showEnvVarsInLog = 0;
		};
		5545BDDE73503A60499A6CB0 /* Check Pods Manifest.lock */ = {
			isa = PBXShellScriptBuildPhase;
			buildActionMask = 2147483647;
			files = (
			);
			inputPaths = (
			);
			name = "Check Pods Manifest.lock";
			outputPaths = (
			);
			runOnlyForDeploymentPostprocessing = 0;
			shellPath = /bin/sh;
			shellScript = "diff \"${PODS_ROOT}/../Podfile.lock\" \"${PODS_ROOT}/Manifest.lock\" > /dev/null\nif [[ $? != 0 ]] ; then\n    cat << EOM\nerror: The sandbox is not in sync with the Podfile.lock. Run 'pod install' or update your CocoaPods installation.\nEOM\n    exit 1\nfi\n";
			showEnvVarsInLog = 0;
		};
		58E009F1E5BF44FEC0B34528 /* Copy Pods Resources */ = {
			isa = PBXShellScriptBuildPhase;
			buildActionMask = 2147483647;
			files = (
			);
			inputPaths = (
			);
			name = "Copy Pods Resources";
			outputPaths = (
			);
			runOnlyForDeploymentPostprocessing = 0;
			shellPath = /bin/sh;
			shellScript = "\"${SRCROOT}/Pods/Target Support Files/Pods-ikaten/Pods-ikaten-resources.sh\"\n";
			showEnvVarsInLog = 0;
		};
		662B1FA5E428D47C9897AF9B /* Copy Pods Resources */ = {
			isa = PBXShellScriptBuildPhase;
			buildActionMask = 2147483647;
			files = (
			);
			inputPaths = (
			);
			name = "Copy Pods Resources";
			outputPaths = (
			);
			runOnlyForDeploymentPostprocessing = 0;
			shellPath = /bin/sh;
			shellScript = "\"${SRCROOT}/Pods/Target Support Files/Pods-ikatenTests/Pods-ikatenTests-resources.sh\"\n";
			showEnvVarsInLog = 0;
		};
		A602FD77F40F60C35528FCB8 /* Check Pods Manifest.lock */ = {
			isa = PBXShellScriptBuildPhase;
			buildActionMask = 2147483647;
			files = (
			);
			inputPaths = (
			);
			name = "Check Pods Manifest.lock";
			outputPaths = (
			);
			runOnlyForDeploymentPostprocessing = 0;
			shellPath = /bin/sh;
			shellScript = "diff \"${PODS_ROOT}/../Podfile.lock\" \"${PODS_ROOT}/Manifest.lock\" > /dev/null\nif [[ $? != 0 ]] ; then\n    cat << EOM\nerror: The sandbox is not in sync with the Podfile.lock. Run 'pod install' or update your CocoaPods installation.\nEOM\n    exit 1\nfi\n";
			showEnvVarsInLog = 0;
		};
		CC801DD63494C528F42CB76C /* Check Pods Manifest.lock */ = {
			isa = PBXShellScriptBuildPhase;
			buildActionMask = 2147483647;
			files = (
			);
			inputPaths = (
			);
			name = "Check Pods Manifest.lock";
			outputPaths = (
			);
			runOnlyForDeploymentPostprocessing = 0;
			shellPath = /bin/sh;
			shellScript = "diff \"${PODS_ROOT}/../Podfile.lock\" \"${PODS_ROOT}/Manifest.lock\" > /dev/null\nif [[ $? != 0 ]] ; then\n    cat << EOM\nerror: The sandbox is not in sync with the Podfile.lock. Run 'pod install' or update your CocoaPods installation.\nEOM\n    exit 1\nfi\n";
			showEnvVarsInLog = 0;
		};
		FBF528AEE5E4093C1B122256 /* Embed Pods Frameworks */ = {
			isa = PBXShellScriptBuildPhase;
			buildActionMask = 2147483647;
			files = (
			);
			inputPaths = (
			);
			name = "Embed Pods Frameworks";
			outputPaths = (
			);
			runOnlyForDeploymentPostprocessing = 0;
			shellPath = /bin/sh;
			shellScript = "\"${SRCROOT}/Pods/Target Support Files/Pods-ikaten/Pods-ikaten-frameworks.sh\"\n";
			showEnvVarsInLog = 0;
		};
/* End PBXShellScriptBuildPhase section */

/* Begin PBXSourcesBuildPhase section */
		C4A9AFE31C8ADBDB00F8AA45 /* Sources */ = {
			isa = PBXSourcesBuildPhase;
			buildActionMask = 2147483647;
			files = (
				C4511EFB1C9F18A100052EDA /* Lobby.swift in Sources */,
				C4FC6A881C8B11C70023A85A /* Router.swift in Sources */,
				C45F42AF1C9E8081005213B5 /* Rule.swift in Sources */,
				C40C114F1CA6957C008575B9 /* Udemae.swift in Sources */,
				C4FC6A8C1C8B19BD0023A85A /* StatInk.swift in Sources */,
				C4AE74861C96EC95005CFB48 /* Splapi.swift in Sources */,
				46280ABE1CA6937F002BB090 /* String+ConvertWidth.swift in Sources */,
				466595DE1C8B357500258E42 /* SessionViewController.swift in Sources */,
				46280ABB1CA6936E002BB090 /* DataCollection.swift in Sources */,
				C4A9AFEB1C8ADBDB00F8AA45 /* AppDelegate.swift in Sources */,
				C40248F21C8B5B01007A3EF9 /* CreateButtleViewController.swift in Sources */,
				C45F42B01C9E8081005213B5 /* Stage.swift in Sources */,
				C40248F71C8C2007007A3EF9 /* PreparationViewController.swift in Sources */,
				C4AC83B61C8C5908006DF92C /* RoundedCornersButton.swift in Sources */,
				46280AB91CA6936E002BB090 /* Data.swift in Sources */,
				C48CA8CD1CA66DFD005177D7 /* IkatenSegmentedControl.swift in Sources */,
				C45F42B11C9E8081005213B5 /* Stages.swift in Sources */,
				46280AB51CA69362002BB090 /* Weapons.swift in Sources */,
				461A06741C9EC7C000C15FF2 /* SelectViewController.swift in Sources */,
				C40248EF1C8B3B55007A3EF9 /* Battle.swift in Sources */,
				C49BD6131CA2F88800156513 /* SegmentedControl.swift in Sources */,
				C4511EF91C9F131C00052EDA /* LobbyViewController.swift in Sources */,
				46280AB31CA69362002BB090 /* Weapon.swift in Sources */,
			);
			runOnlyForDeploymentPostprocessing = 0;
		};
		C4A9AFF71C8ADBDB00F8AA45 /* Sources */ = {
			isa = PBXSourcesBuildPhase;
			buildActionMask = 2147483647;
			files = (
				461A06751C9EC7C000C15FF2 /* SelectViewController.swift in Sources */,
				C4FC6A8F1C8B1F370023A85A /* StatInkTests.swift in Sources */,
				C40248ED1C8B3AA1007A3EF9 /* PreparationViewController.swift in Sources */,
				C4FC6A8A1C8B18D40023A85A /* Router.swift in Sources */,
				C4B56D631C9EB491003FC21A /* Rule.swift in Sources */,
				C4FC6A901C8B1F510023A85A /* StatInk.swift in Sources */,
				46280AB01CA67140002BB090 /* String+ConvertWidthSpec.swift in Sources */,
				C42C35F81CA6F90A0080A61E /* UdemaeSpec.swift in Sources */,
				46100B371CA01E70006B1051 /* DataSpec.swift in Sources */,
				C4B56D621C9EAE6F003FC21A /* Stage.swift in Sources */,
				46280ABF1CA6937F002BB090 /* String+ConvertWidth.swift in Sources */,
				C4B56D661C9EC274003FC21A /* RuleSpec.swift in Sources */,
				C4511EFC1C9F18A100052EDA /* Lobby.swift in Sources */,
				C4B552221CA6E683004F4B25 /* IkatenSegmentedControl.swift in Sources */,
				466595DF1C8B357500258E42 /* SessionViewController.swift in Sources */,
				C4511EFE1C9F2C6F00052EDA /* LobbySpec.swift in Sources */,
				46280ABC1CA6936E002BB090 /* DataCollection.swift in Sources */,
				C4B56D681C9EC2C2003FC21A /* StageSpec.swift in Sources */,
				46100B3B1CA01EB1006B1051 /* WeaponsSpec.swift in Sources */,
				4640F1941C9702EF0036C1CD /* BattleSpec.swift in Sources */,
				C4A9B0001C8ADBDB00F8AA45 /* ikatenTests.swift in Sources */,
				46100B391CA01EA2006B1051 /* WeaponSpec.swift in Sources */,
				C4B56D641C9EB4D2003FC21A /* Splapi.swift in Sources */,
				C40248F31C8B5B01007A3EF9 /* CreateButtleViewController.swift in Sources */,
				46280AB41CA69362002BB090 /* Weapon.swift in Sources */,
				C4B56D6A1C9EC2DC003FC21A /* StagesSpec.swift in Sources */,
				C4B56D611C9EACC1003FC21A /* Stages.swift in Sources */,
				46100B351CA01E43006B1051 /* DataCollectionSpec.swift in Sources */,
				C40248F01C8B3B55007A3EF9 /* Battle.swift in Sources */,
				46280ABA1CA6936E002BB090 /* Data.swift in Sources */,
				46280AB61CA69362002BB090 /* Weapons.swift in Sources */,
				C40C11501CA6957C008575B9 /* Udemae.swift in Sources */,
			);
			runOnlyForDeploymentPostprocessing = 0;
		};
		C4A9B0021C8ADBDB00F8AA45 /* Sources */ = {
			isa = PBXSourcesBuildPhase;
			buildActionMask = 2147483647;
			files = (
				C4A9B00B1C8ADBDB00F8AA45 /* ikatenUITests.swift in Sources */,
			);
			runOnlyForDeploymentPostprocessing = 0;
		};
/* End PBXSourcesBuildPhase section */

/* Begin PBXTargetDependency section */
		C4A9AFFD1C8ADBDB00F8AA45 /* PBXTargetDependency */ = {
			isa = PBXTargetDependency;
			target = C4A9AFE61C8ADBDB00F8AA45 /* ikaten */;
			targetProxy = C4A9AFFC1C8ADBDB00F8AA45 /* PBXContainerItemProxy */;
		};
		C4A9B0081C8ADBDB00F8AA45 /* PBXTargetDependency */ = {
			isa = PBXTargetDependency;
			target = C4A9AFE61C8ADBDB00F8AA45 /* ikaten */;
			targetProxy = C4A9B0071C8ADBDB00F8AA45 /* PBXContainerItemProxy */;
		};
/* End PBXTargetDependency section */

/* Begin PBXVariantGroup section */
		C4A9AFEE1C8ADBDB00F8AA45 /* Main.storyboard */ = {
			isa = PBXVariantGroup;
			children = (
				C4A9AFEF1C8ADBDB00F8AA45 /* Base */,
			);
			name = Main.storyboard;
			sourceTree = "<group>";
		};
		C4A9AFF31C8ADBDB00F8AA45 /* LaunchScreen.storyboard */ = {
			isa = PBXVariantGroup;
			children = (
				C4A9AFF41C8ADBDB00F8AA45 /* Base */,
			);
			name = LaunchScreen.storyboard;
			sourceTree = "<group>";
		};
/* End PBXVariantGroup section */

/* Begin XCBuildConfiguration section */
		C4A9B00D1C8ADBDB00F8AA45 /* Debug */ = {
			isa = XCBuildConfiguration;
			buildSettings = {
				ALWAYS_SEARCH_USER_PATHS = NO;
				CLANG_CXX_LANGUAGE_STANDARD = "gnu++0x";
				CLANG_CXX_LIBRARY = "libc++";
				CLANG_ENABLE_MODULES = YES;
				CLANG_ENABLE_OBJC_ARC = YES;
				CLANG_WARN_BOOL_CONVERSION = YES;
				CLANG_WARN_CONSTANT_CONVERSION = YES;
				CLANG_WARN_DIRECT_OBJC_ISA_USAGE = YES_ERROR;
				CLANG_WARN_EMPTY_BODY = YES;
				CLANG_WARN_ENUM_CONVERSION = YES;
				CLANG_WARN_INT_CONVERSION = YES;
				CLANG_WARN_OBJC_ROOT_CLASS = YES_ERROR;
				CLANG_WARN_UNREACHABLE_CODE = YES;
				CLANG_WARN__DUPLICATE_METHOD_MATCH = YES;
				"CODE_SIGN_IDENTITY[sdk=iphoneos*]" = "iPhone Developer";
				COPY_PHASE_STRIP = NO;
				DEBUG_INFORMATION_FORMAT = dwarf;
				ENABLE_STRICT_OBJC_MSGSEND = YES;
				ENABLE_TESTABILITY = YES;
				GCC_C_LANGUAGE_STANDARD = gnu99;
				GCC_DYNAMIC_NO_PIC = NO;
				GCC_NO_COMMON_BLOCKS = YES;
				GCC_OPTIMIZATION_LEVEL = 0;
				GCC_PREPROCESSOR_DEFINITIONS = (
					"DEBUG=1",
					"$(inherited)",
				);
				GCC_WARN_64_TO_32_BIT_CONVERSION = YES;
				GCC_WARN_ABOUT_RETURN_TYPE = YES_ERROR;
				GCC_WARN_UNDECLARED_SELECTOR = YES;
				GCC_WARN_UNINITIALIZED_AUTOS = YES_AGGRESSIVE;
				GCC_WARN_UNUSED_FUNCTION = YES;
				GCC_WARN_UNUSED_VARIABLE = YES;
				IPHONEOS_DEPLOYMENT_TARGET = 9.2;
				MTL_ENABLE_DEBUG_INFO = YES;
				ONLY_ACTIVE_ARCH = YES;
				SDKROOT = iphoneos;
				SWIFT_OPTIMIZATION_LEVEL = "-Onone";
			};
			name = Debug;
		};
		C4A9B00E1C8ADBDB00F8AA45 /* Release */ = {
			isa = XCBuildConfiguration;
			buildSettings = {
				ALWAYS_SEARCH_USER_PATHS = NO;
				CLANG_CXX_LANGUAGE_STANDARD = "gnu++0x";
				CLANG_CXX_LIBRARY = "libc++";
				CLANG_ENABLE_MODULES = YES;
				CLANG_ENABLE_OBJC_ARC = YES;
				CLANG_WARN_BOOL_CONVERSION = YES;
				CLANG_WARN_CONSTANT_CONVERSION = YES;
				CLANG_WARN_DIRECT_OBJC_ISA_USAGE = YES_ERROR;
				CLANG_WARN_EMPTY_BODY = YES;
				CLANG_WARN_ENUM_CONVERSION = YES;
				CLANG_WARN_INT_CONVERSION = YES;
				CLANG_WARN_OBJC_ROOT_CLASS = YES_ERROR;
				CLANG_WARN_UNREACHABLE_CODE = YES;
				CLANG_WARN__DUPLICATE_METHOD_MATCH = YES;
				"CODE_SIGN_IDENTITY[sdk=iphoneos*]" = "iPhone Developer";
				COPY_PHASE_STRIP = NO;
				DEBUG_INFORMATION_FORMAT = "dwarf-with-dsym";
				ENABLE_NS_ASSERTIONS = NO;
				ENABLE_STRICT_OBJC_MSGSEND = YES;
				GCC_C_LANGUAGE_STANDARD = gnu99;
				GCC_NO_COMMON_BLOCKS = YES;
				GCC_WARN_64_TO_32_BIT_CONVERSION = YES;
				GCC_WARN_ABOUT_RETURN_TYPE = YES_ERROR;
				GCC_WARN_UNDECLARED_SELECTOR = YES;
				GCC_WARN_UNINITIALIZED_AUTOS = YES_AGGRESSIVE;
				GCC_WARN_UNUSED_FUNCTION = YES;
				GCC_WARN_UNUSED_VARIABLE = YES;
				IPHONEOS_DEPLOYMENT_TARGET = 9.2;
				MTL_ENABLE_DEBUG_INFO = NO;
				SDKROOT = iphoneos;
				VALIDATE_PRODUCT = YES;
			};
			name = Release;
		};
		C4A9B0101C8ADBDB00F8AA45 /* Debug */ = {
			isa = XCBuildConfiguration;
			baseConfigurationReference = B14EA4370DA8B3D025055265 /* Pods-ikaten.debug.xcconfig */;
			buildSettings = {
				ASSETCATALOG_COMPILER_APPICON_NAME = AppIcon;
				CODE_SIGN_IDENTITY = "iPhone Developer";
				INFOPLIST_FILE = ikaten/Info.plist;
				LD_RUNPATH_SEARCH_PATHS = "$(inherited) @executable_path/Frameworks";
				PRODUCT_BUNDLE_IDENTIFIER = jp.orzup.ikaten;
				PRODUCT_NAME = "$(TARGET_NAME)";
				SWIFT_OBJC_BRIDGING_HEADER = "";
			};
			name = Debug;
		};
		C4A9B0111C8ADBDB00F8AA45 /* Release */ = {
			isa = XCBuildConfiguration;
			baseConfigurationReference = FD469AA50F2B35819609DF3B /* Pods-ikaten.release.xcconfig */;
			buildSettings = {
				ASSETCATALOG_COMPILER_APPICON_NAME = AppIcon;
				CODE_SIGN_IDENTITY = "iPhone Developer";
				INFOPLIST_FILE = ikaten/Info.plist;
				LD_RUNPATH_SEARCH_PATHS = "$(inherited) @executable_path/Frameworks";
				PRODUCT_BUNDLE_IDENTIFIER = jp.orzup.ikaten;
				PRODUCT_NAME = "$(TARGET_NAME)";
				SWIFT_OBJC_BRIDGING_HEADER = "";
			};
			name = Release;
		};
		C4A9B0131C8ADBDB00F8AA45 /* Debug */ = {
			isa = XCBuildConfiguration;
			baseConfigurationReference = E25C443C6AD435B6C2DA3DFA /* Pods-ikatenTests.debug.xcconfig */;
			buildSettings = {
				BUNDLE_LOADER = "$(TEST_HOST)";
				INFOPLIST_FILE = ikatenTests/Info.plist;
				LD_RUNPATH_SEARCH_PATHS = "$(inherited) @executable_path/Frameworks @loader_path/Frameworks";
				PRODUCT_BUNDLE_IDENTIFIER = jp.orzup.ikatenTests;
				PRODUCT_NAME = "$(TARGET_NAME)";
				TEST_HOST = "$(BUILT_PRODUCTS_DIR)/ikaten.app/ikaten";
			};
			name = Debug;
		};
		C4A9B0141C8ADBDB00F8AA45 /* Release */ = {
			isa = XCBuildConfiguration;
			baseConfigurationReference = D3CBE2F4E429975B62A23BCA /* Pods-ikatenTests.release.xcconfig */;
			buildSettings = {
				BUNDLE_LOADER = "$(TEST_HOST)";
				INFOPLIST_FILE = ikatenTests/Info.plist;
				LD_RUNPATH_SEARCH_PATHS = "$(inherited) @executable_path/Frameworks @loader_path/Frameworks";
				PRODUCT_BUNDLE_IDENTIFIER = jp.orzup.ikatenTests;
				PRODUCT_NAME = "$(TARGET_NAME)";
				TEST_HOST = "$(BUILT_PRODUCTS_DIR)/ikaten.app/ikaten";
			};
			name = Release;
		};
		C4A9B0161C8ADBDB00F8AA45 /* Debug */ = {
			isa = XCBuildConfiguration;
			baseConfigurationReference = 5D2A481430E0C756A703ECE8 /* Pods-ikatenUITests.debug.xcconfig */;
			buildSettings = {
				INFOPLIST_FILE = ikatenUITests/Info.plist;
				LD_RUNPATH_SEARCH_PATHS = "$(inherited) @executable_path/Frameworks @loader_path/Frameworks";
				PRODUCT_BUNDLE_IDENTIFIER = jp.orzup.ikatenUITests;
				PRODUCT_NAME = "$(TARGET_NAME)";
				TEST_TARGET_NAME = ikaten;
				USES_XCTRUNNER = YES;
			};
			name = Debug;
		};
		C4A9B0171C8ADBDB00F8AA45 /* Release */ = {
			isa = XCBuildConfiguration;
			baseConfigurationReference = 32FBF78638341B225D5FF50A /* Pods-ikatenUITests.release.xcconfig */;
			buildSettings = {
				INFOPLIST_FILE = ikatenUITests/Info.plist;
				LD_RUNPATH_SEARCH_PATHS = "$(inherited) @executable_path/Frameworks @loader_path/Frameworks";
				PRODUCT_BUNDLE_IDENTIFIER = jp.orzup.ikatenUITests;
				PRODUCT_NAME = "$(TARGET_NAME)";
				TEST_TARGET_NAME = ikaten;
				USES_XCTRUNNER = YES;
			};
			name = Release;
		};
/* End XCBuildConfiguration section */

/* Begin XCConfigurationList section */
		C4A9AFE21C8ADBDB00F8AA45 /* Build configuration list for PBXProject "ikaten" */ = {
			isa = XCConfigurationList;
			buildConfigurations = (
				C4A9B00D1C8ADBDB00F8AA45 /* Debug */,
				C4A9B00E1C8ADBDB00F8AA45 /* Release */,
			);
			defaultConfigurationIsVisible = 0;
			defaultConfigurationName = Release;
		};
		C4A9B00F1C8ADBDB00F8AA45 /* Build configuration list for PBXNativeTarget "ikaten" */ = {
			isa = XCConfigurationList;
			buildConfigurations = (
				C4A9B0101C8ADBDB00F8AA45 /* Debug */,
				C4A9B0111C8ADBDB00F8AA45 /* Release */,
			);
			defaultConfigurationIsVisible = 0;
			defaultConfigurationName = Release;
		};
		C4A9B0121C8ADBDB00F8AA45 /* Build configuration list for PBXNativeTarget "ikatenTests" */ = {
			isa = XCConfigurationList;
			buildConfigurations = (
				C4A9B0131C8ADBDB00F8AA45 /* Debug */,
				C4A9B0141C8ADBDB00F8AA45 /* Release */,
			);
			defaultConfigurationIsVisible = 0;
			defaultConfigurationName = Release;
		};
		C4A9B0151C8ADBDB00F8AA45 /* Build configuration list for PBXNativeTarget "ikatenUITests" */ = {
			isa = XCConfigurationList;
			buildConfigurations = (
				C4A9B0161C8ADBDB00F8AA45 /* Debug */,
				C4A9B0171C8ADBDB00F8AA45 /* Release */,
			);
			defaultConfigurationIsVisible = 0;
			defaultConfigurationName = Release;
		};
/* End XCConfigurationList section */
	};
	rootObject = C4A9AFDF1C8ADBDB00F8AA45 /* Project object */;
}
